{
  "name": "express.js_session",
  "lockfileVersion": 3,
  "requires": true,
  "packages": {
    "": {
      "dependencies": {
        "express-validators": "^1.0.4"
      }
    },
    "node_modules/express-validators": {
      "version": "1.0.4",
      "resolved": "https://registry.npmjs.org/express-validators/-/express-validators-1.0.4.tgz",
      "integrity": "sha512-kQnokR4TPFYVC8shOQGZs/pZs3gh8zuwycvitn0GszxIO8fiGwVL11YaYk+lgaxNlsBgGKbGtWCwR6e5dT4Myw=="
    }
  }
}
